# This file is automatically @generated by Cargo.
# It is not intended for manual editing.
version = 4

[[package]]
name = "reviva-backend"
version = "0.1.0"
dependencies = [
 "reviva-core",
]

[[package]]
name = "reviva-cli"
version = "0.1.0"
dependencies = [
 "reviva-backend",
 "reviva-core",
 "reviva-export",
 "reviva-prompts",
 "reviva-repo",
 "reviva-storage",
]

[[package]]
name = "reviva-core"
version = "0.1.0"

[[package]]
name = "reviva-export"
version = "0.1.0"
dependencies = [
 "reviva-core",
]

[[package]]
name = "reviva-prompts"
version = "0.1.0"
dependencies = [
 "reviva-core",
]

[[package]]
name = "reviva-repo"
version = "0.1.0"
dependencies = [
 "reviva-core",
]

[[package]]
name = "reviva-storage"
version = "0.1.0"
dependencies = [
 "reviva-core",
]

[[package]]
name = "reviva-tui"
version = "0.1.0"
dependencies = [
 "reviva-backend",
 "reviva-core",
 "reviva-export",
 "reviva-prompts",
 "reviva-repo",
 "reviva-storage",
]
